<?xml version="1.0" encoding="utf-8"?>
<Project ToolsVersion="4.0" xmlns="http://schemas.microsoft.com/developer/msbuild/2003">
  <ItemGroup>
    <ClCompile Include="src\Data\db.cpp" />
    <ClCompile Include="src\Core\Engine.cpp" />
    <ClCompile Include="src\math\Mtx33.cpp" />
    <ClCompile Include="src\math\Vector3.cpp" />
    <ClCompile Include="src\Systems\InputSystem.cpp" />
    <ClCompile Include="src\Systems\renderer\Model.cpp" />
    <ClCompile Include="src\Systems\renderer\Object.cpp" />
    <ClCompile Include="src\Systems\renderer\RenderManager.cpp" />
    <ClCompile Include="src\Systems\renderer\ShaderManager.cpp" />
    <ClCompile Include="src\Systems\StateManager.cpp" />
    <ClCompile Include="src\Core\main.cpp" />
    <ClCompile Include="src\Math\Vector2.cpp" />
    <ClCompile Include="src\Math\Vector4.cpp" />
    <ClCompile Include="src\States\MenuState.cpp" />
    <ClCompile Include="src\Core\stdafx.cpp" />
    <ClCompile Include="src\Systems\PhysicsSystem.cpp" />
  </ItemGroup>
  <ItemGroup>
    <ClInclude Include="headers\db.h" />
    <ClInclude Include="headers\Engine.h" />
    <ClInclude Include="headers\InputSystem.h" />
    <ClInclude Include="headers\json.hpp" />
    <ClInclude Include="headers\MenuState.h" />
    <ClInclude Include="headers\Model.h" />
    <ClInclude Include="headers\Object.h" />
    <ClInclude Include="headers\Mtx33.h" />
    <ClInclude Include="headers\RenderManager.h" />
    <ClInclude Include="headers\ShaderManager.h" />
    <ClInclude Include="headers\State.h" />
    <ClInclude Include="headers\StateManager.h" />
    <ClInclude Include="headers\stdafx.h" />
    <ClInclude Include="headers\System.h" />
    <ClInclude Include="headers\Vector2.h" />
    <ClInclude Include="headers\Vector3.h" />
    <ClInclude Include="headers\Vector4.h" />
    <ClInclude Include="headers\PhysicsSystem.h" />
  </ItemGroup>
  <ItemGroup>
    <None Include="shaders\base.frag" />
    <None Include="shaders\base.vert" />
    <None Include="shaders\textured_rendering.frag" />
    <None Include="shaders\textured_rendering.vert" />
  </ItemGroup>
  <ItemGroup>
    <Text Include="assets\meshes\square.txt" />
    <Text Include="src\Core\Config.txt" />
  </ItemGroup>
</Project>