<?xml version="1.0" encoding="utf-8"?>
<Project ToolsVersion="4.0" xmlns="http://schemas.microsoft.com/developer/msbuild/2003">
  <ItemGroup>
    <ClCompile Include="src\Data\db.cpp" />
    <ClCompile Include="src\Core\Engine.cpp" />
    <ClCompile Include="src\Math\Mtx33.cpp" />
    <ClCompile Include="src\Math\Vector3.cpp" />
    <ClCompile Include="src\Systems\Render\Camera.cpp" />
    <ClCompile Include="src\Systems\Render\Model.cpp" />
    <ClCompile Include="src\Systems\Render\Object.cpp" />
    <ClCompile Include="src\Systems\Render\sysRender.cpp" />
    <ClCompile Include="src\Systems\Render\sysShader.cpp" />
    <ClCompile Include="src\Managers\mComponent.cpp" />
    <ClCompile Include="src\Managers\mEntity.cpp" />
    <ClCompile Include="src\Managers\mSystem.cpp" />
    <ClCompile Include="src\Scenes\SplashScene.cpp" />
    <ClCompile Include="src\Systems\sysInput.cpp" />
    <ClCompile Include="src\Managers\mScene.cpp" />
    <ClCompile Include="src\Core\main.cpp" />
    <ClCompile Include="src\Math\Vector2.cpp" />
    <ClCompile Include="src\Math\Vector4.cpp" />
    <ClCompile Include="src\Scenes\MenuScene.cpp" />
    <ClCompile Include="src\Core\stdafx.cpp" />
  </ItemGroup>
  <ItemGroup>
    <ClInclude Include="headers\Systems\Render\Camera.h" />
    <ClInclude Include="headers\Systems\Render\Model.h" />
    <ClInclude Include="headers\Systems\Render\Object.h" />
    <ClInclude Include="headers\Math\Mtx33.h" />
    <ClInclude Include="headers\RenderManager.h" />
    <ClInclude Include="headers\Systems\Render\sysShader.h" />
    <ClInclude Include="headers\Math\Vector3.h" />
    <ClInclude Include="headers\Managers\mComponent.h" />
    <ClInclude Include="headers\Data\db.h" />
    <ClInclude Include="headers\Core\Engine.h" />
    <ClInclude Include="headers\Managers\mEntity.h" />
    <ClInclude Include="headers\Scenes\SplashScene.h" />
    <ClInclude Include="headers\Systems\sysInput.h" />
    <ClInclude Include="headers\Data\json.hpp" />
    <ClInclude Include="headers\Scenes\MenuScene.h" />
    <ClInclude Include="headers\Systems\Render\sysRender.h" />
    <ClInclude Include="headers\Managers\mScene.h" />
    <ClInclude Include="headers\Core\stdafx.h" />
    <ClInclude Include="headers\Managers\mSystem.h" />
    <ClInclude Include="headers\Math\Vector2.h" />
    <ClInclude Include="headers\Math\Vector4.h" />
    <ClInclude Include="headers\Components\cRender.h" />
    <ClInclude Include="headers\Components\cTransform.h" />
    <ClInclude Include="headers\Components\cCamera.h" />
  </ItemGroup>
  <ItemGroup>
    <None Include="shaders\base.frag" />
    <None Include="shaders\base.vert" />
    <None Include="shaders\textured_rendering.frag" />
    <None Include="shaders\textured_rendering.vert" />
  </ItemGroup>
  <ItemGroup>
    <Text Include="assets\meshes\square.txt" />
    <Text Include="src\Core\Config.txt" />
    <Text Include="assets\meshes\circle.txt" />
  </ItemGroup>
</Project>