<?xml version="1.0" encoding="utf-8"?>
<Project ToolsVersion="4.0" xmlns="http://schemas.microsoft.com/developer/msbuild/2003">
  <ItemGroup>
    <ClCompile Include="src\Data\db.cpp" />
    <ClCompile Include="src\Core\Engine.cpp" />
    <ClCompile Include="src\Math\Mtx33.cpp" />
    <ClCompile Include="src\Math\Vector3.cpp" />
    <ClCompile Include="src\Managers\ECS\mEntity.cpp" />
    <ClCompile Include="src\Managers\ECS\mSystem.cpp" />
    <ClCompile Include="src\Managers\mScenes.cpp" />
    <ClCompile Include="src\Math\Vector2.cpp" />
    <ClCompile Include="src\Math\Vector4.cpp" />
    <ClCompile Include="src\Core\stdafx.cpp" />
    <ClCompile Include="src\Managers\mEvents.cpp" />
    <ClCompile Include="src\Managers\mWindows.cpp" />
    <ClCompile Include="src\Managers\mDebug.cpp" />
    <ClCompile Include="src\Utility\uSystems.cpp" />
    <ClCompile Include="src\Managers\ECS\mComponent.cpp" />
    <ClCompile Include="src\Managers\ECS\mCoordinator.cpp" />
  </ItemGroup>
  <ItemGroup>
    <ClInclude Include="headers\Components\cAudio.h" />
    <ClInclude Include="headers\Math\Mtx33.h" />
    <ClInclude Include="headers\RenderManager.h" />
    <ClInclude Include="headers\Math\Vector3.h" />
    <ClInclude Include="headers\Managers\ECS\mComponent.h" />
    <ClInclude Include="headers\Data\db.h" />
    <ClInclude Include="headers\Core\Engine.h" />
    <ClInclude Include="headers\Managers\ECS\mEntity.h" />
    <ClInclude Include="headers\Data\json.hpp" />
    <ClInclude Include="headers\Managers\mScenes.h" />
    <ClInclude Include="headers\Core\stdafx.h" />
    <ClInclude Include="headers\Managers\ECS\mSystem.h" />
    <ClInclude Include="headers\Math\Vector2.h" />
    <ClInclude Include="headers\Math\Vector4.h" />
    <ClInclude Include="headers\Components\cRender.h" />
    <ClInclude Include="headers\Components\cTransform.h" />
    <ClInclude Include="headers\Components\cCamera.h" />
    <ClInclude Include="headers\Components\cMove.h" />
    <ClInclude Include="headers\Components\cInput.h" />
    <ClInclude Include="headers\Managers\mEvents.h" />
    <ClInclude Include="headers\Managers\mWindows.h" />
    <ClInclude Include="headers\Components\cCollision.h" />
    <ClInclude Include="headers\Components\cScene.h" />
    <ClInclude Include="headers\Managers\mDebug.h" />
    <ClInclude Include="headers\Components\cAnimation.h" />
    <ClInclude Include="headers\Utility\uSystems.h" />
    <ClInclude Include="headers\Core\Core.h" />
    <ClInclude Include="headers\Nikesaurus.h" />
    <ClInclude Include="headers\Managers\ECS\mCoordinator.h" />
  </ItemGroup>
  <ItemGroup>
    <None Include="shaders\base.frag" />
    <None Include="shaders\base.vert" />
    <None Include="db\data.json" />
    <None Include="shaders\texture.frag" />
    <None Include="shaders\texture.vert" />
  </ItemGroup>
</Project>